// !$*UTF8*$!
{
	archiveVersion = 1;
	classes = {
	};
	objectVersion = 48;
	objects = {

/* Begin PBXBuildFile section */
		695386401FF9A28D00796700 /* AppDelegate.swift in Sources */ = {isa = PBXBuildFile; fileRef = 6953863F1FF9A28D00796700 /* AppDelegate.swift */; };
		695386481FF9A28D00796700 /* VHS_Camera.xcdatamodeld in Sources */ = {isa = PBXBuildFile; fileRef = 695386461FF9A28D00796700 /* VHS_Camera.xcdatamodeld */; };
		6953864D1FF9A28D00796700 /* LaunchScreen.storyboard in Resources */ = {isa = PBXBuildFile; fileRef = 6953864B1FF9A28D00796700 /* LaunchScreen.storyboard */; };
		695386581FF9A28D00796700 /* VHS_CameraTests.swift in Sources */ = {isa = PBXBuildFile; fileRef = 695386571FF9A28D00796700 /* VHS_CameraTests.swift */; };
		695386631FF9A28D00796700 /* VHS_CameraUITests.swift in Sources */ = {isa = PBXBuildFile; fileRef = 695386621FF9A28D00796700 /* VHS_CameraUITests.swift */; };
		695386761FF9A2C400796700 /* SettingsViewController.swift in Sources */ = {isa = PBXBuildFile; fileRef = 695386701FF9A2C300796700 /* SettingsViewController.swift */; };
		695386771FF9A2C400796700 /* PlayerView.swift in Sources */ = {isa = PBXBuildFile; fileRef = 695386711FF9A2C300796700 /* PlayerView.swift */; };
		695386781FF9A2C400796700 /* RecorderViewController.swift in Sources */ = {isa = PBXBuildFile; fileRef = 695386721FF9A2C400796700 /* RecorderViewController.swift */; };
		695386791FF9A2C400796700 /* ShopViewController.swift in Sources */ = {isa = PBXBuildFile; fileRef = 695386731FF9A2C400796700 /* ShopViewController.swift */; };
		6953867A1FF9A2C400796700 /* PhotoManager.swift in Sources */ = {isa = PBXBuildFile; fileRef = 695386741FF9A2C400796700 /* PhotoManager.swift */; };
		6953867B1FF9A2C400796700 /* PreviewViewController.swift in Sources */ = {isa = PBXBuildFile; fileRef = 695386751FF9A2C400796700 /* PreviewViewController.swift */; };
		6953867D1FF9A2EA00796700 /* Main.storyboard in Resources */ = {isa = PBXBuildFile; fileRef = 6953867C1FF9A2EA00796700 /* Main.storyboard */; };
		6953867F1FF9A30000796700 /* Assets.xcassets in Resources */ = {isa = PBXBuildFile; fileRef = 6953867E1FF9A30000796700 /* Assets.xcassets */; };
/* End PBXBuildFile section */

/* Begin PBXContainerItemProxy section */
		695386541FF9A28D00796700 /* PBXContainerItemProxy */ = {
			isa = PBXContainerItemProxy;
			containerPortal = 695386341FF9A28D00796700 /* Project object */;
			proxyType = 1;
			remoteGlobalIDString = 6953863B1FF9A28D00796700;
			remoteInfo = "VHS Camera";
		};
		6953865F1FF9A28D00796700 /* PBXContainerItemProxy */ = {
			isa = PBXContainerItemProxy;
			containerPortal = 695386341FF9A28D00796700 /* Project object */;
			proxyType = 1;
			remoteGlobalIDString = 6953863B1FF9A28D00796700;
			remoteInfo = "VHS Camera";
		};
/* End PBXContainerItemProxy section */

/* Begin PBXFileReference section */
		6953863C1FF9A28D00796700 /* VHS Camera.app */ = {isa = PBXFileReference; explicitFileType = wrapper.application; includeInIndex = 0; path = "VHS Camera.app"; sourceTree = BUILT_PRODUCTS_DIR; };
		6953863F1FF9A28D00796700 /* AppDelegate.swift */ = {isa = PBXFileReference; lastKnownFileType = sourcecode.swift; path = AppDelegate.swift; sourceTree = "<group>"; };
		695386471FF9A28D00796700 /* VHS_Camera.xcdatamodel */ = {isa = PBXFileReference; lastKnownFileType = wrapper.xcdatamodel; path = VHS_Camera.xcdatamodel; sourceTree = "<group>"; };
		6953864C1FF9A28D00796700 /* Base */ = {isa = PBXFileReference; lastKnownFileType = file.storyboard; name = Base; path = Base.lproj/LaunchScreen.storyboard; sourceTree = "<group>"; };
		6953864E1FF9A28D00796700 /* Info.plist */ = {isa = PBXFileReference; lastKnownFileType = text.plist.xml; path = Info.plist; sourceTree = "<group>"; };
		695386531FF9A28D00796700 /* VHS CameraTests.xctest */ = {isa = PBXFileReference; explicitFileType = wrapper.cfbundle; includeInIndex = 0; path = "VHS CameraTests.xctest"; sourceTree = BUILT_PRODUCTS_DIR; };
		695386571FF9A28D00796700 /* VHS_CameraTests.swift */ = {isa = PBXFileReference; lastKnownFileType = sourcecode.swift; path = VHS_CameraTests.swift; sourceTree = "<group>"; };
		695386591FF9A28D00796700 /* Info.plist */ = {isa = PBXFileReference; lastKnownFileType = text.plist.xml; path = Info.plist; sourceTree = "<group>"; };
		6953865E1FF9A28D00796700 /* VHS CameraUITests.xctest */ = {isa = PBXFileReference; explicitFileType = wrapper.cfbundle; includeInIndex = 0; path = "VHS CameraUITests.xctest"; sourceTree = BUILT_PRODUCTS_DIR; };
		695386621FF9A28D00796700 /* VHS_CameraUITests.swift */ = {isa = PBXFileReference; lastKnownFileType = sourcecode.swift; path = VHS_CameraUITests.swift; sourceTree = "<group>"; };
		695386641FF9A28D00796700 /* Info.plist */ = {isa = PBXFileReference; lastKnownFileType = text.plist.xml; path = Info.plist; sourceTree = "<group>"; };
		695386701FF9A2C300796700 /* SettingsViewController.swift */ = {isa = PBXFileReference; fileEncoding = 4; lastKnownFileType = sourcecode.swift; path = SettingsViewController.swift; sourceTree = "<group>"; };
		695386711FF9A2C300796700 /* PlayerView.swift */ = {isa = PBXFileReference; fileEncoding = 4; lastKnownFileType = sourcecode.swift; path = PlayerView.swift; sourceTree = "<group>"; };
		695386721FF9A2C400796700 /* RecorderViewController.swift */ = {isa = PBXFileReference; fileEncoding = 4; lastKnownFileType = sourcecode.swift; path = RecorderViewController.swift; sourceTree = "<group>"; };
		695386731FF9A2C400796700 /* ShopViewController.swift */ = {isa = PBXFileReference; fileEncoding = 4; lastKnownFileType = sourcecode.swift; path = ShopViewController.swift; sourceTree = "<group>"; };
		695386741FF9A2C400796700 /* PhotoManager.swift */ = {isa = PBXFileReference; fileEncoding = 4; lastKnownFileType = sourcecode.swift; path = PhotoManager.swift; sourceTree = "<group>"; };
		695386751FF9A2C400796700 /* PreviewViewController.swift */ = {isa = PBXFileReference; fileEncoding = 4; lastKnownFileType = sourcecode.swift; path = PreviewViewController.swift; sourceTree = "<group>"; };
		6953867C1FF9A2EA00796700 /* Main.storyboard */ = {isa = PBXFileReference; fileEncoding = 4; lastKnownFileType = file.storyboard; path = Main.storyboard; sourceTree = "<group>"; };
		6953867E1FF9A30000796700 /* Assets.xcassets */ = {isa = PBXFileReference; lastKnownFileType = folder.assetcatalog; path = Assets.xcassets; sourceTree = "<group>"; };
/* End PBXFileReference section */

/* Begin PBXFrameworksBuildPhase section */
		695386391FF9A28D00796700 /* Frameworks */ = {
			isa = PBXFrameworksBuildPhase;
			buildActionMask = 2147483647;
			files = (
			);
			runOnlyForDeploymentPostprocessing = 0;
		};
		695386501FF9A28D00796700 /* Frameworks */ = {
			isa = PBXFrameworksBuildPhase;
			buildActionMask = 2147483647;
			files = (
			);
			runOnlyForDeploymentPostprocessing = 0;
		};
		6953865B1FF9A28D00796700 /* Frameworks */ = {
			isa = PBXFrameworksBuildPhase;
			buildActionMask = 2147483647;
			files = (
			);
			runOnlyForDeploymentPostprocessing = 0;
		};
/* End PBXFrameworksBuildPhase section */

/* Begin PBXGroup section */
		695386331FF9A28D00796700 = {
			isa = PBXGroup;
			children = (
				6953863E1FF9A28D00796700 /* VHS Camera */,
				695386561FF9A28D00796700 /* VHS CameraTests */,
				695386611FF9A28D00796700 /* VHS CameraUITests */,
				6953863D1FF9A28D00796700 /* Products */,
			);
			sourceTree = "<group>";
		};
		6953863D1FF9A28D00796700 /* Products */ = {
			isa = PBXGroup;
			children = (
				6953863C1FF9A28D00796700 /* VHS Camera.app */,
				695386531FF9A28D00796700 /* VHS CameraTests.xctest */,
				6953865E1FF9A28D00796700 /* VHS CameraUITests.xctest */,
			);
			name = Products;
			sourceTree = "<group>";
		};
		6953863E1FF9A28D00796700 /* VHS Camera */ = {
			isa = PBXGroup;
			children = (
				6953863F1FF9A28D00796700 /* AppDelegate.swift */,
				695386741FF9A2C400796700 /* PhotoManager.swift */,
				695386711FF9A2C300796700 /* PlayerView.swift */,
				695386751FF9A2C400796700 /* PreviewViewController.swift */,
				695386721FF9A2C400796700 /* RecorderViewController.swift */,
				695386701FF9A2C300796700 /* SettingsViewController.swift */,
				695386731FF9A2C400796700 /* ShopViewController.swift */,
				6953867C1FF9A2EA00796700 /* Main.storyboard */,
				6953867E1FF9A30000796700 /* Assets.xcassets */,
				6953864B1FF9A28D00796700 /* LaunchScreen.storyboard */,
				6953864E1FF9A28D00796700 /* Info.plist */,
				695386461FF9A28D00796700 /* VHS_Camera.xcdatamodeld */,
			);
			path = "VHS Camera";
			sourceTree = "<group>";
		};
		695386561FF9A28D00796700 /* VHS CameraTests */ = {
			isa = PBXGroup;
			children = (
				695386571FF9A28D00796700 /* VHS_CameraTests.swift */,
				695386591FF9A28D00796700 /* Info.plist */,
			);
			path = "VHS CameraTests";
			sourceTree = "<group>";
		};
		695386611FF9A28D00796700 /* VHS CameraUITests */ = {
			isa = PBXGroup;
			children = (
				695386621FF9A28D00796700 /* VHS_CameraUITests.swift */,
				695386641FF9A28D00796700 /* Info.plist */,
			);
			path = "VHS CameraUITests";
			sourceTree = "<group>";
		};
/* End PBXGroup section */

/* Begin PBXNativeTarget section */
		6953863B1FF9A28D00796700 /* VHS Camera */ = {
			isa = PBXNativeTarget;
			buildConfigurationList = 695386671FF9A28D00796700 /* Build configuration list for PBXNativeTarget "VHS Camera" */;
			buildPhases = (
				695386381FF9A28D00796700 /* Sources */,
				695386391FF9A28D00796700 /* Frameworks */,
				6953863A1FF9A28D00796700 /* Resources */,
			);
			buildRules = (
			);
			dependencies = (
			);
			name = "VHS Camera";
			productName = "VHS Camera";
			productReference = 6953863C1FF9A28D00796700 /* VHS Camera.app */;
			productType = "com.apple.product-type.application";
		};
		695386521FF9A28D00796700 /* VHS CameraTests */ = {
			isa = PBXNativeTarget;
			buildConfigurationList = 6953866A1FF9A28D00796700 /* Build configuration list for PBXNativeTarget "VHS CameraTests" */;
			buildPhases = (
				6953864F1FF9A28D00796700 /* Sources */,
				695386501FF9A28D00796700 /* Frameworks */,
				695386511FF9A28D00796700 /* Resources */,
			);
			buildRules = (
			);
			dependencies = (
				695386551FF9A28D00796700 /* PBXTargetDependency */,
			);
			name = "VHS CameraTests";
			productName = "VHS CameraTests";
			productReference = 695386531FF9A28D00796700 /* VHS CameraTests.xctest */;
			productType = "com.apple.product-type.bundle.unit-test";
		};
		6953865D1FF9A28D00796700 /* VHS CameraUITests */ = {
			isa = PBXNativeTarget;
			buildConfigurationList = 6953866D1FF9A28D00796700 /* Build configuration list for PBXNativeTarget "VHS CameraUITests" */;
			buildPhases = (
				6953865A1FF9A28D00796700 /* Sources */,
				6953865B1FF9A28D00796700 /* Frameworks */,
				6953865C1FF9A28D00796700 /* Resources */,
			);
			buildRules = (
			);
			dependencies = (
				695386601FF9A28D00796700 /* PBXTargetDependency */,
			);
			name = "VHS CameraUITests";
			productName = "VHS CameraUITests";
			productReference = 6953865E1FF9A28D00796700 /* VHS CameraUITests.xctest */;
			productType = "com.apple.product-type.bundle.ui-testing";
		};
/* End PBXNativeTarget section */

/* Begin PBXProject section */
		695386341FF9A28D00796700 /* Project object */ = {
			isa = PBXProject;
			attributes = {
				LastSwiftUpdateCheck = 0920;
				LastUpgradeCheck = 0920;
				ORGANIZATIONNAME = Jay;
				TargetAttributes = {
					6953863B1FF9A28D00796700 = {
						CreatedOnToolsVersion = 9.2;
						ProvisioningStyle = Automatic;
					};
					695386521FF9A28D00796700 = {
						CreatedOnToolsVersion = 9.2;
						ProvisioningStyle = Automatic;
						TestTargetID = 6953863B1FF9A28D00796700;
					};
					6953865D1FF9A28D00796700 = {
						CreatedOnToolsVersion = 9.2;
						ProvisioningStyle = Automatic;
						TestTargetID = 6953863B1FF9A28D00796700;
					};
				};
			};
			buildConfigurationList = 695386371FF9A28D00796700 /* Build configuration list for PBXProject "VHS Camera" */;
			compatibilityVersion = "Xcode 8.0";
			developmentRegion = en;
			hasScannedForEncodings = 0;
			knownRegions = (
				en,
				Base,
			);
			mainGroup = 695386331FF9A28D00796700;
			productRefGroup = 6953863D1FF9A28D00796700 /* Products */;
			projectDirPath = "";
			projectRoot = "";
			targets = (
				6953863B1FF9A28D00796700 /* VHS Camera */,
				695386521FF9A28D00796700 /* VHS CameraTests */,
				6953865D1FF9A28D00796700 /* VHS CameraUITests */,
			);
		};
/* End PBXProject section */

/* Begin PBXResourcesBuildPhase section */
		6953863A1FF9A28D00796700 /* Resources */ = {
			isa = PBXResourcesBuildPhase;
			buildActionMask = 2147483647;
			files = (
				6953867D1FF9A2EA00796700 /* Main.storyboard in Resources */,
				6953867F1FF9A30000796700 /* Assets.xcassets in Resources */,
				6953864D1FF9A28D00796700 /* LaunchScreen.storyboard in Resources */,
			);
			runOnlyForDeploymentPostprocessing = 0;
		};
		695386511FF9A28D00796700 /* Resources */ = {
			isa = PBXResourcesBuildPhase;
			buildActionMask = 2147483647;
			files = (
			);
			runOnlyForDeploymentPostprocessing = 0;
		};
		6953865C1FF9A28D00796700 /* Resources */ = {
			isa = PBXResourcesBuildPhase;
			buildActionMask = 2147483647;
			files = (
			);
			runOnlyForDeploymentPostprocessing = 0;
		};
/* End PBXResourcesBuildPhase section */

/* Begin PBXSourcesBuildPhase section */
		695386381FF9A28D00796700 /* Sources */ = {
			isa = PBXSourcesBuildPhase;
			buildActionMask = 2147483647;
			files = (
				695386481FF9A28D00796700 /* VHS_Camera.xcdatamodeld in Sources */,
				695386401FF9A28D00796700 /* AppDelegate.swift in Sources */,
				6953867A1FF9A2C400796700 /* PhotoManager.swift in Sources */,
				695386791FF9A2C400796700 /* ShopViewController.swift in Sources */,
				695386761FF9A2C400796700 /* SettingsViewController.swift in Sources */,
				695386781FF9A2C400796700 /* RecorderViewController.swift in Sources */,
				695386771FF9A2C400796700 /* PlayerView.swift in Sources */,
				6953867B1FF9A2C400796700 /* PreviewViewController.swift in Sources */,
			);
			runOnlyForDeploymentPostprocessing = 0;
		};
		6953864F1FF9A28D00796700 /* Sources */ = {
			isa = PBXSourcesBuildPhase;
			buildActionMask = 2147483647;
			files = (
				695386581FF9A28D00796700 /* VHS_CameraTests.swift in Sources */,
			);
			runOnlyForDeploymentPostprocessing = 0;
		};
		6953865A1FF9A28D00796700 /* Sources */ = {
			isa = PBXSourcesBuildPhase;
			buildActionMask = 2147483647;
			files = (
				695386631FF9A28D00796700 /* VHS_CameraUITests.swift in Sources */,
			);
			runOnlyForDeploymentPostprocessing = 0;
		};
/* End PBXSourcesBuildPhase section */

/* Begin PBXTargetDependency section */
		695386551FF9A28D00796700 /* PBXTargetDependency */ = {
			isa = PBXTargetDependency;
			target = 6953863B1FF9A28D00796700 /* VHS Camera */;
			targetProxy = 695386541FF9A28D00796700 /* PBXContainerItemProxy */;
		};
		695386601FF9A28D00796700 /* PBXTargetDependency */ = {
			isa = PBXTargetDependency;
			target = 6953863B1FF9A28D00796700 /* VHS Camera */;
			targetProxy = 6953865F1FF9A28D00796700 /* PBXContainerItemProxy */;
		};
/* End PBXTargetDependency section */

/* Begin PBXVariantGroup section */
		6953864B1FF9A28D00796700 /* LaunchScreen.storyboard */ = {
			isa = PBXVariantGroup;
			children = (
				6953864C1FF9A28D00796700 /* Base */,
			);
			name = LaunchScreen.storyboard;
			sourceTree = "<group>";
		};
/* End PBXVariantGroup section */

/* Begin XCBuildConfiguration section */
		695386651FF9A28D00796700 /* Debug */ = {
			isa = XCBuildConfiguration;
			buildSettings = {
				ALWAYS_SEARCH_USER_PATHS = NO;
				CLANG_ANALYZER_NONNULL = YES;
				CLANG_ANALYZER_NUMBER_OBJECT_CONVERSION = YES_AGGRESSIVE;
				CLANG_CXX_LANGUAGE_STANDARD = "gnu++14";
				CLANG_CXX_LIBRARY = "libc++";
				CLANG_ENABLE_MODULES = YES;
				CLANG_ENABLE_OBJC_ARC = YES;
				CLANG_WARN_BLOCK_CAPTURE_AUTORELEASING = YES;
				CLANG_WARN_BOOL_CONVERSION = YES;
				CLANG_WARN_COMMA = YES;
				CLANG_WARN_CONSTANT_CONVERSION = YES;
				CLANG_WARN_DIRECT_OBJC_ISA_USAGE = YES_ERROR;
				CLANG_WARN_DOCUMENTATION_COMMENTS = YES;
				CLANG_WARN_EMPTY_BODY = YES;
				CLANG_WARN_ENUM_CONVERSION = YES;
				CLANG_WARN_INFINITE_RECURSION = YES;
				CLANG_WARN_INT_CONVERSION = YES;
				CLANG_WARN_NON_LITERAL_NULL_CONVERSION = YES;
				CLANG_WARN_OBJC_LITERAL_CONVERSION = YES;
				CLANG_WARN_OBJC_ROOT_CLASS = YES_ERROR;
				CLANG_WARN_RANGE_LOOP_ANALYSIS = YES;
				CLANG_WARN_STRICT_PROTOTYPES = YES;
				CLANG_WARN_SUSPICIOUS_MOVE = YES;
				CLANG_WARN_UNGUARDED_AVAILABILITY = YES_AGGRESSIVE;
				CLANG_WARN_UNREACHABLE_CODE = YES;
				CLANG_WARN__DUPLICATE_METHOD_MATCH = YES;
				CODE_SIGN_IDENTITY = "iPhone Developer";
				COPY_PHASE_STRIP = NO;
				DEBUG_INFORMATION_FORMAT = dwarf;
				ENABLE_STRICT_OBJC_MSGSEND = YES;
				ENABLE_TESTABILITY = YES;
				GCC_C_LANGUAGE_STANDARD = gnu11;
				GCC_DYNAMIC_NO_PIC = NO;
				GCC_NO_COMMON_BLOCKS = YES;
				GCC_OPTIMIZATION_LEVEL = 0;
				GCC_PREPROCESSOR_DEFINITIONS = (
					"DEBUG=1",
					"$(inherited)",
				);
				GCC_WARN_64_TO_32_BIT_CONVERSION = YES;
				GCC_WARN_ABOUT_RETURN_TYPE = YES_ERROR;
				GCC_WARN_UNDECLARED_SELECTOR = YES;
				GCC_WARN_UNINITIALIZED_AUTOS = YES_AGGRESSIVE;
				GCC_WARN_UNUSED_FUNCTION = YES;
				GCC_WARN_UNUSED_VARIABLE = YES;
				IPHONEOS_DEPLOYMENT_TARGET = 11.2;
				MTL_ENABLE_DEBUG_INFO = YES;
				ONLY_ACTIVE_ARCH = YES;
				SDKROOT = iphoneos;
				SWIFT_ACTIVE_COMPILATION_CONDITIONS = DEBUG;
				SWIFT_OPTIMIZATION_LEVEL = "-Onone";
			};
			name = Debug;
		};
		695386661FF9A28D00796700 /* Release */ = {
			isa = XCBuildConfiguration;
			buildSettings = {
				ALWAYS_SEARCH_USER_PATHS = NO;
				CLANG_ANALYZER_NONNULL = YES;
				CLANG_ANALYZER_NUMBER_OBJECT_CONVERSION = YES_AGGRESSIVE;
				CLANG_CXX_LANGUAGE_STANDARD = "gnu++14";
				CLANG_CXX_LIBRARY = "libc++";
				CLANG_ENABLE_MODULES = YES;
				CLANG_ENABLE_OBJC_ARC = YES;
				CLANG_WARN_BLOCK_CAPTURE_AUTORELEASING = YES;
				CLANG_WARN_BOOL_CONVERSION = YES;
				CLANG_WARN_COMMA = YES;
				CLANG_WARN_CONSTANT_CONVERSION = YES;
				CLANG_WARN_DIRECT_OBJC_ISA_USAGE = YES_ERROR;
				CLANG_WARN_DOCUMENTATION_COMMENTS = YES;
				CLANG_WARN_EMPTY_BODY = YES;
				CLANG_WARN_ENUM_CONVERSION = YES;
				CLANG_WARN_INFINITE_RECURSION = YES;
				CLANG_WARN_INT_CONVERSION = YES;
				CLANG_WARN_NON_LITERAL_NULL_CONVERSION = YES;
				CLANG_WARN_OBJC_LITERAL_CONVERSION = YES;
				CLANG_WARN_OBJC_ROOT_CLASS = YES_ERROR;
				CLANG_WARN_RANGE_LOOP_ANALYSIS = YES;
				CLANG_WARN_STRICT_PROTOTYPES = YES;
				CLANG_WARN_SUSPICIOUS_MOVE = YES;
				CLANG_WARN_UNGUARDED_AVAILABILITY = YES_AGGRESSIVE;
				CLANG_WARN_UNREACHABLE_CODE = YES;
				CLANG_WARN__DUPLICATE_METHOD_MATCH = YES;
				CODE_SIGN_IDENTITY = "iPhone Developer";
				COPY_PHASE_STRIP = NO;
				DEBUG_INFORMATION_FORMAT = "dwarf-with-dsym";
				ENABLE_NS_ASSERTIONS = NO;
				ENABLE_STRICT_OBJC_MSGSEND = YES;
				GCC_C_LANGUAGE_STANDARD = gnu11;
				GCC_NO_COMMON_BLOCKS = YES;
				GCC_WARN_64_TO_32_BIT_CONVERSION = YES;
				GCC_WARN_ABOUT_RETURN_TYPE = YES_ERROR;
				GCC_WARN_UNDECLARED_SELECTOR = YES;
				GCC_WARN_UNINITIALIZED_AUTOS = YES_AGGRESSIVE;
				GCC_WARN_UNUSED_FUNCTION = YES;
				GCC_WARN_UNUSED_VARIABLE = YES;
				IPHONEOS_DEPLOYMENT_TARGET = 11.2;
				MTL_ENABLE_DEBUG_INFO = NO;
				SDKROOT = iphoneos;
				SWIFT_OPTIMIZATION_LEVEL = "-Owholemodule";
				VALIDATE_PRODUCT = YES;
			};
			name = Release;
		};
		695386681FF9A28D00796700 /* Debug */ = {
			isa = XCBuildConfiguration;
			buildSettings = {
				ASSETCATALOG_COMPILER_APPICON_NAME = AppIcon;
				CODE_SIGN_STYLE = Automatic;
				DEVELOPMENT_TEAM = 5JG4H9G3DC;
				INFOPLIST_FILE = "VHS Camera/Info.plist";
				LD_RUNPATH_SEARCH_PATHS = "$(inherited) @executable_path/Frameworks";
				PRODUCT_BUNDLE_IDENTIFIER = "com.ninjajaekyung.vhs.VHS-Camera";
				PRODUCT_NAME = "$(TARGET_NAME)";
				SWIFT_VERSION = 4.0;
				TARGETED_DEVICE_FAMILY = "1,2";
			};
			name = Debug;
		};
		695386691FF9A28D00796700 /* Release */ = {
			isa = XCBuildConfiguration;
			buildSettings = {
				ASSETCATALOG_COMPILER_APPICON_NAME = AppIcon;
				CODE_SIGN_STYLE = Automatic;
				DEVELOPMENT_TEAM = 5JG4H9G3DC;
				INFOPLIST_FILE = "VHS Camera/Info.plist";
				LD_RUNPATH_SEARCH_PATHS = "$(inherited) @executable_path/Frameworks";
				PRODUCT_BUNDLE_IDENTIFIER = "com.ninjajaekyung.vhs.VHS-Camera";
				PRODUCT_NAME = "$(TARGET_NAME)";
				SWIFT_VERSION = 4.0;
				TARGETED_DEVICE_FAMILY = "1,2";
			};
			name = Release;
		};
		6953866B1FF9A28D00796700 /* Debug */ = {
			isa = XCBuildConfiguration;
			buildSettings = {
				ALWAYS_EMBED_SWIFT_STANDARD_LIBRARIES = YES;
				BUNDLE_LOADER = "$(TEST_HOST)";
				CODE_SIGN_STYLE = Automatic;
				DEVELOPMENT_TEAM = 5JG4H9G3DC;
				INFOPLIST_FILE = "VHS CameraTests/Info.plist";
				LD_RUNPATH_SEARCH_PATHS = "$(inherited) @executable_path/Frameworks @loader_path/Frameworks";
				PRODUCT_BUNDLE_IDENTIFIER = "com.ninjajaekyung.vhs.VHS-CameraTests";
				PRODUCT_NAME = "$(TARGET_NAME)";
				SWIFT_VERSION = 4.0;
				TARGETED_DEVICE_FAMILY = "1,2";
				TEST_HOST = "$(BUILT_PRODUCTS_DIR)/VHS Camera.app/VHS Camera";
			};
			name = Debug;
		};
		6953866C1FF9A28D00796700 /* Release */ = {
			isa = XCBuildConfiguration;
			buildSettings = {
				ALWAYS_EMBED_SWIFT_STANDARD_LIBRARIES = YES;
				BUNDLE_LOADER = "$(TEST_HOST)";
				CODE_SIGN_STYLE = Automatic;
				DEVELOPMENT_TEAM = 5JG4H9G3DC;
				INFOPLIST_FILE = "VHS CameraTests/Info.plist";
				LD_RUNPATH_SEARCH_PATHS = "$(inherited) @executable_path/Frameworks @loader_path/Frameworks";
				PRODUCT_BUNDLE_IDENTIFIER = "com.ninjajaekyung.vhs.VHS-CameraTests";
				PRODUCT_NAME = "$(TARGET_NAME)";
				SWIFT_VERSION = 4.0;
				TARGETED_DEVICE_FAMILY = "1,2";
				TEST_HOST = "$(BUILT_PRODUCTS_DIR)/VHS Camera.app/VHS Camera";
			};
			name = Release;
		};
		6953866E1FF9A28D00796700 /* Debug */ = {
			isa = XCBuildConfiguration;
			buildSettings = {
				ALWAYS_EMBED_SWIFT_STANDARD_LIBRARIES = YES;
				CODE_SIGN_STYLE = Automatic;
				DEVELOPMENT_TEAM = 5JG4H9G3DC;
				INFOPLIST_FILE = "VHS CameraUITests/Info.plist";
				LD_RUNPATH_SEARCH_PATHS = "$(inherited) @executable_path/Frameworks @loader_path/Frameworks";
				PRODUCT_BUNDLE_IDENTIFIER = "com.ninjajaekyung.vhs.VHS-CameraUITests";
				PRODUCT_NAME = "$(TARGET_NAME)";
				SWIFT_VERSION = 4.0;
				TARGETED_DEVICE_FAMILY = "1,2";
				TEST_TARGET_NAME = "VHS Camera";
			};
			name = Debug;
		};
		6953866F1FF9A28D00796700 /* Release */ = {
			isa = XCBuildConfiguration;
			buildSettings = {
				ALWAYS_EMBED_SWIFT_STANDARD_LIBRARIES = YES;
				CODE_SIGN_STYLE = Automatic;
				DEVELOPMENT_TEAM = 5JG4H9G3DC;
				INFOPLIST_FILE = "VHS CameraUITests/Info.plist";
				LD_RUNPATH_SEARCH_PATHS = "$(inherited) @executable_path/Frameworks @loader_path/Frameworks";
				PRODUCT_BUNDLE_IDENTIFIER = "com.ninjajaekyung.vhs.VHS-CameraUITests";
				PRODUCT_NAME = "$(TARGET_NAME)";
				SWIFT_VERSION = 4.0;
				TARGETED_DEVICE_FAMILY = "1,2";
				TEST_TARGET_NAME = "VHS Camera";
			};
			name = Release;
		};
/* End XCBuildConfiguration section */

/* Begin XCConfigurationList section */
		695386371FF9A28D00796700 /* Build configuration list for PBXProject "VHS Camera" */ = {
			isa = XCConfigurationList;
			buildConfigurations = (
				695386651FF9A28D00796700 /* Debug */,
				695386661FF9A28D00796700 /* Release */,
			);
			defaultConfigurationIsVisible = 0;
			defaultConfigurationName = Release;
		};
		695386671FF9A28D00796700 /* Build configuration list for PBXNativeTarget "VHS Camera" */ = {
			isa = XCConfigurationList;
			buildConfigurations = (
				695386681FF9A28D00796700 /* Debug */,
				695386691FF9A28D00796700 /* Release */,
			);
			defaultConfigurationIsVisible = 0;
			defaultConfigurationName = Release;
		};
		6953866A1FF9A28D00796700 /* Build configuration list for PBXNativeTarget "VHS CameraTests" */ = {
			isa = XCConfigurationList;
			buildConfigurations = (
				6953866B1FF9A28D00796700 /* Debug */,
				6953866C1FF9A28D00796700 /* Release */,
			);
			defaultConfigurationIsVisible = 0;
			defaultConfigurationName = Release;
		};
		6953866D1FF9A28D00796700 /* Build configuration list for PBXNativeTarget "VHS CameraUITests" */ = {
			isa = XCConfigurationList;
			buildConfigurations = (
				6953866E1FF9A28D00796700 /* Debug */,
				6953866F1FF9A28D00796700 /* Release */,
			);
			defaultConfigurationIsVisible = 0;
			defaultConfigurationName = Release;
		};
/* End XCConfigurationList section */

/* Begin XCVersionGroup section */
		695386461FF9A28D00796700 /* VHS_Camera.xcdatamodeld */ = {
			isa = XCVersionGroup;
			children = (
				695386471FF9A28D00796700 /* VHS_Camera.xcdatamodel */,
			);
			currentVersion = 695386471FF9A28D00796700 /* VHS_Camera.xcdatamodel */;
			path = VHS_Camera.xcdatamodeld;
			sourceTree = "<group>";
			versionGroupType = wrapper.xcdatamodel;
		};
/* End XCVersionGroup section */
	};
	rootObject = 695386341FF9A28D00796700 /* Project object */;
}
